<?xml version="1.0" encoding="utf-8"?>
<Project ToolsVersion="4.0" xmlns="http://schemas.microsoft.com/developer/msbuild/2003">
  <ItemGroup>
    <Filter Include="Common">
      <UniqueIdentifier>f32329a3-cc70-4f2f-8186-324a5b3dbf61</UniqueIdentifier>
    </Filter>
    <Filter Include="Assets">
      <UniqueIdentifier>4877be50-d82b-49ce-b825-5f640c3498cf</UniqueIdentifier>
      <Extensions>ico;cur;bmp;dds;dlg;fbx;rct;bin;rgs;gif;jpg;jpeg;jpe;resx;tga;tiff;tif;png;wav;mfcribbon-ms</Extensions>
    </Filter>
    <Filter Include="ImaseLib">
      <UniqueIdentifier>{2c29bfe8-ac71-45ba-8909-f731d5a51b96}</UniqueIdentifier>
    </Filter>
    <Filter Include="DirectXTK_Utilities">
      <UniqueIdentifier>{b9855007-75dd-44b7-bb00-1e824ff358fe}</UniqueIdentifier>
    </Filter>
  </ItemGroup>
  <ItemGroup>
    <ClInclude Include="pch.h" />
    <ClInclude Include="Game.h" />
    <ClInclude Include="Common\StepTimer.h">
      <Filter>Common</Filter>
    </ClInclude>
    <ClInclude Include="Common\DeviceResources.h">
      <Filter>Common</Filter>
    </ClInclude>
    <ClInclude Include="ImaseLib\DebugCamera.h">
      <Filter>ImaseLib</Filter>
    </ClInclude>
    <ClInclude Include="ImaseLib\GridFloor.h">
      <Filter>ImaseLib</Filter>
    </ClInclude>
    <ClInclude Include="DirectXTK_Utilities\DebugDraw.h">
      <Filter>DirectXTK_Utilities</Filter>
    </ClInclude>
    <ClInclude Include="ImaseLib\DebugRenderer.h">
      <Filter>ImaseLib</Filter>
    </ClInclude>
    <ClInclude Include="ItsukiLib\BoxCollider.h" />
    <ClInclude Include="ItsukiLib\Collider.h" />
    <ClInclude Include="ItsukiLib\SphereCollider.h" />
    <ClInclude Include="ImaseLib\SceneManager.h" />
    <ClInclude Include="Scene\SceneId.h" />
    <ClInclude Include="Scene\BaseScene\BaseScene.h" />
    <ClInclude Include="Scene\GamePlayScene\GamePlayScene.h" />
    <ClInclude Include="GameContext.h" />
    <ClInclude Include="Scene\GamePlayScene\Player.h" />
    <ClInclude Include="ItsukiLib\ColliderRenderer.h" />
    <ClInclude Include="ItsukiLib\Physics.h" />
    <ClInclude Include="ItsukiLib\Stage.h" />
    <ClInclude Include="ItsukiLib\CollisionChecker.h" />
    <ClInclude Include="ItsukiLib\ItsukiMath.h" />
    <ClInclude Include="ItsukiLib\Camera\CameraBase.h" />
    <ClInclude Include="ItsukiLib\Camera\NormalCamera.h" />
    <ClInclude Include="Scene\GamePlayScene\Obj.h" />
    <ClInclude Include="Scene\GamePlayScene\Orb.h" />
    <ClInclude Include="Scene\TitleScene\TitleScene.h" />
    <ClInclude Include="Scene\GamePlayScene\Factory\StageManager.h" />
    <ClInclude Include="Scene\GamePlayScene\Factory\OrbManager.h" />
    <ClInclude Include="Scene\GamePlayScene\State\BaseState.h" />
    <ClInclude Include="Scene\GamePlayScene\State\Moving.h" />
    <ClInclude Include="SuzukiLib\Audio\AudioChannel.h" />
    <ClInclude Include="SuzukiLib\Audio\AudioHandle.h" />
    <ClInclude Include="SuzukiLib\Audio\AudioPlayDesc.h" />
    <ClInclude Include="SuzukiLib\Audio\AudioSystem.h" />
    <ClInclude Include="SuzukiLib\Audio\Internal\AudioVolumeMixer.h" />
    <ClInclude Include="SuzukiLib\Audio\Internal\DirectXTKAudioDevice.h" />
    <ClInclude Include="SuzukiLib\Audio\Internal\DirectXTKAudioPlayer.h" />
    <ClInclude Include="SuzukiLib\Audio\Internal\DirectXTKAudioResourceManager.h" />
    <ClInclude Include="Scene\GamePlayScene\Status.h" />
    <ClInclude Include="Scene\ClearScene\ClearScene.h" />
  </ItemGroup>
  <ItemGroup>
    <ClCompile Include="pch.cpp" />
    <ClCompile Include="Game.cpp" />
    <ClCompile Include="Main.cpp" />
    <ClCompile Include="Common\DeviceResources.cpp">
      <Filter>Common</Filter>
    </ClCompile>
    <ClCompile Include="ImaseLib\DebugCamera.cpp">
      <Filter>ImaseLib</Filter>
    </ClCompile>
    <ClCompile Include="ImaseLib\GridFloor.cpp">
      <Filter>ImaseLib</Filter>
    </ClCompile>
    <ClCompile Include="DirectXTK_Utilities\DebugDraw.cpp">
      <Filter>DirectXTK_Utilities</Filter>
    </ClCompile>
    <ClCompile Include="ImaseLib\DebugRenderer.cpp">
      <Filter>ImaseLib</Filter>
    </ClCompile>
    <ClCompile Include="ItsukiLib\BoxCollider.cpp" />
    <ClCompile Include="ItsukiLib\SphereCollider.cpp" />
    <ClCompile Include="Scene\BaseScene\BaseScene.cpp" />
    <ClCompile Include="Scene\GamePlayScene\GamePlayScene.cpp" />
    <ClCompile Include="Scene\GamePlayScene\Player.cpp" />
    <ClCompile Include="ItsukiLib\ColliderRenderer.cpp" />
    <ClCompile Include="ItsukiLib\Stage.cpp" />
    <ClCompile Include="ItsukiLib\CollisionChecker.cpp" />
    <ClCompile Include="ItsukiLib\Camera\NormalCamera.cpp" />
    <ClCompile Include="Scene\GamePlayScene\Orb.cpp" />
    <ClCompile Include="Scene\TitleScene\TitleScene.cpp" />
    <ClCompile Include="Scene\GamePlayScene\State\Moving.cpp" />
    <ClCompile Include="SuzukiLib\Audio\AudioSystem.cpp" />
    <ClCompile Include="SuzukiLib\Audio\Internal\AudioVolumeMixer.cpp" />
    <ClCompile Include="SuzukiLib\Audio\Internal\DirectXTKAudioDevice.cpp" />
    <ClCompile Include="SuzukiLib\Audio\Internal\DirectXTKAudioPlayer.cpp" />
    <ClCompile Include="SuzukiLib\Audio\Internal\DirectXTKAudioResourceManager.cpp" />
    <ClCompile Include="Scene\GamePlayScene\Status.cpp" />
    <ClCompile Include="Scene\ClearScene\ClearScene.cpp" />
  </ItemGroup>
  <ItemGroup>
    <ResourceCompile Include="resource.rc" />
  </ItemGroup>
  <ItemGroup>
    <Image Include="directx.ico">
      <Filter>Assets</Filter>
    </Image>
  </ItemGroup>
  <ItemGroup>
    <Manifest Include="settings.manifest">
      <Filter>Assets</Filter>
    </Manifest>
  </ItemGroup>
  <ItemGroup>
    <None Include="packages.config" />
  </ItemGroup>
  <ItemGroup>
    <Media Include="Resources\Audio\Se\Accept.wav">
      <Filter>Assets</Filter>
    </Media>
    <Media Include="Resources\Audio\Bgm\TitleBgm.wav">
      <Filter>Assets</Filter>
    </Media>
    <Media Include="Resources\Audio\Se\se_bound1.wav">
      <Filter>Assets</Filter>
    </Media>
    <Media Include="Resources\Audio\Se\se_hirameki02.wav">
      <Filter>Assets</Filter>
    </Media>
  </ItemGroup>
</Project>